// !$*UTF8*$!
{
	archiveVersion = 1;
	classes = {
	};
	objectVersion = 46;
	objects = {

/* Begin PBXBuildFile section */
		91B3B1C31B44F19C00AFA118 /* main.m in Sources */ = {isa = PBXBuildFile; fileRef = 91B3B1C21B44F19C00AFA118 /* main.m */; };
		91B3B1C61B44F19C00AFA118 /* AppDelegate.m in Sources */ = {isa = PBXBuildFile; fileRef = 91B3B1C51B44F19C00AFA118 /* AppDelegate.m */; };
		91B3B1C91B44F19C00AFA118 /* ViewController.m in Sources */ = {isa = PBXBuildFile; fileRef = 91B3B1C81B44F19C00AFA118 /* ViewController.m */; };
		91B3B1CC1B44F19C00AFA118 /* Main.storyboard in Resources */ = {isa = PBXBuildFile; fileRef = 91B3B1CA1B44F19C00AFA118 /* Main.storyboard */; };
		91B3B1CE1B44F19C00AFA118 /* Images.xcassets in Resources */ = {isa = PBXBuildFile; fileRef = 91B3B1CD1B44F19C00AFA118 /* Images.xcassets */; };
		91B3B1D11B44F19C00AFA118 /* LaunchScreen.xib in Resources */ = {isa = PBXBuildFile; fileRef = 91B3B1CF1B44F19C00AFA118 /* LaunchScreen.xib */; };
		91B3B1DD1B44F19C00AFA118 /* gitTests.m in Sources */ = {isa = PBXBuildFile; fileRef = 91B3B1DC1B44F19C00AFA118 /* gitTests.m */; };
		91CB7DD91B45103300BC98AC /* TMTableViewController.m in Sources */ = {isa = PBXBuildFile; fileRef = 91CB7DD81B45103300BC98AC /* TMTableViewController.m */; };
/* End PBXBuildFile section */

/* Begin PBXContainerItemProxy section */
		91B3B1D71B44F19C00AFA118 /* PBXContainerItemProxy */ = {
			isa = PBXContainerItemProxy;
			containerPortal = 91B3B1B51B44F19C00AFA118 /* Project object */;
			proxyType = 1;
			remoteGlobalIDString = 91B3B1BC1B44F19C00AFA118;
			remoteInfo = git;
		};
/* End PBXContainerItemProxy section */

/* Begin PBXFileReference section */
		91B3B1BD1B44F19C00AFA118 /* git.app */ = {isa = PBXFileReference; explicitFileType = wrapper.application; includeInIndex = 0; path = git.app; sourceTree = BUILT_PRODUCTS_DIR; };
		91B3B1C11B44F19C00AFA118 /* Info.plist */ = {isa = PBXFileReference; lastKnownFileType = text.plist.xml; path = Info.plist; sourceTree = "<group>"; };
		91B3B1C21B44F19C00AFA118 /* main.m */ = {isa = PBXFileReference; lastKnownFileType = sourcecode.c.objc; path = main.m; sourceTree = "<group>"; };
		91B3B1C41B44F19C00AFA118 /* AppDelegate.h */ = {isa = PBXFileReference; lastKnownFileType = sourcecode.c.h; path = AppDelegate.h; sourceTree = "<group>"; };
		91B3B1C51B44F19C00AFA118 /* AppDelegate.m */ = {isa = PBXFileReference; lastKnownFileType = sourcecode.c.objc; path = AppDelegate.m; sourceTree = "<group>"; };
		91B3B1C71B44F19C00AFA118 /* ViewController.h */ = {isa = PBXFileReference; lastKnownFileType = sourcecode.c.h; path = ViewController.h; sourceTree = "<group>"; };
		91B3B1C81B44F19C00AFA118 /* ViewController.m */ = {isa = PBXFileReference; lastKnownFileType = sourcecode.c.objc; path = ViewController.m; sourceTree = "<group>"; };
		91B3B1CB1B44F19C00AFA118 /* Base */ = {isa = PBXFileReference; lastKnownFileType = file.storyboard; name = Base; path = Base.lproj/Main.storyboard; sourceTree = "<group>"; };
		91B3B1CD1B44F19C00AFA118 /* Images.xcassets */ = {isa = PBXFileReference; lastKnownFileType = folder.assetcatalog; path = Images.xcassets; sourceTree = "<group>"; };
		91B3B1D01B44F19C00AFA118 /* Base */ = {isa = PBXFileReference; lastKnownFileType = file.xib; name = Base; path = Base.lproj/LaunchScreen.xib; sourceTree = "<group>"; };
		91B3B1D61B44F19C00AFA118 /* gitTests.xctest */ = {isa = PBXFileReference; explicitFileType = wrapper.cfbundle; includeInIndex = 0; path = gitTests.xctest; sourceTree = BUILT_PRODUCTS_DIR; };
		91B3B1DB1B44F19C00AFA118 /* Info.plist */ = {isa = PBXFileReference; lastKnownFileType = text.plist.xml; path = Info.plist; sourceTree = "<group>"; };
		91B3B1DC1B44F19C00AFA118 /* gitTests.m */ = {isa = PBXFileReference; lastKnownFileType = sourcecode.c.objc; path = gitTests.m; sourceTree = "<group>"; };
		91CB7DD71B45103300BC98AC /* TMTableViewController.h */ = {isa = PBXFileReference; fileEncoding = 4; lastKnownFileType = sourcecode.c.h; path = TMTableViewController.h; sourceTree = "<group>"; };
		91CB7DD81B45103300BC98AC /* TMTableViewController.m */ = {isa = PBXFileReference; fileEncoding = 4; lastKnownFileType = sourcecode.c.objc; path = TMTableViewController.m; sourceTree = "<group>"; };
/* End PBXFileReference section */

/* Begin PBXFrameworksBuildPhase section */
		91B3B1BA1B44F19C00AFA118 /* Frameworks */ = {
			isa = PBXFrameworksBuildPhase;
			buildActionMask = 2147483647;
			files = (
			);
			runOnlyForDeploymentPostprocessing = 0;
		};
		91B3B1D31B44F19C00AFA118 /* Frameworks */ = {
			isa = PBXFrameworksBuildPhase;
			buildActionMask = 2147483647;
			files = (
			);
			runOnlyForDeploymentPostprocessing = 0;
		};
/* End PBXFrameworksBuildPhase section */

/* Begin PBXGroup section */
		91B3B1B41B44F19C00AFA118 = {
			isa = PBXGroup;
			children = (
				91B3B1BF1B44F19C00AFA118 /* git */,
				91B3B1D91B44F19C00AFA118 /* gitTests */,
				91B3B1BE1B44F19C00AFA118 /* Products */,
			);
			sourceTree = "<group>";
		};
		91B3B1BE1B44F19C00AFA118 /* Products */ = {
			isa = PBXGroup;
			children = (
				91B3B1BD1B44F19C00AFA118 /* git.app */,
				91B3B1D61B44F19C00AFA118 /* gitTests.xctest */,
			);
			name = Products;
			sourceTree = "<group>";
		};
		91B3B1BF1B44F19C00AFA118 /* git */ = {
			isa = PBXGroup;
			children = (
				91B3B1C41B44F19C00AFA118 /* AppDelegate.h */,
				91B3B1C51B44F19C00AFA118 /* AppDelegate.m */,
				91B3B1C71B44F19C00AFA118 /* ViewController.h */,
				91B3B1C81B44F19C00AFA118 /* ViewController.m */,
				91B3B1CA1B44F19C00AFA118 /* Main.storyboard */,
				91B3B1CD1B44F19C00AFA118 /* Images.xcassets */,
				91B3B1CF1B44F19C00AFA118 /* LaunchScreen.xib */,
				91B3B1C01B44F19C00AFA118 /* Supporting Files */,
				91CB7DD71B45103300BC98AC /* TMTableViewController.h */,
				91CB7DD81B45103300BC98AC /* TMTableViewController.m */,
			);
			path = git;
			sourceTree = "<group>";
		};
		91B3B1C01B44F19C00AFA118 /* Supporting Files */ = {
			isa = PBXGroup;
			children = (
				91B3B1C11B44F19C00AFA118 /* Info.plist */,
				91B3B1C21B44F19C00AFA118 /* main.m */,
			);
			name = "Supporting Files";
			sourceTree = "<group>";
		};
		91B3B1D91B44F19C00AFA118 /* gitTests */ = {
			isa = PBXGroup;
			children = (
				91B3B1DC1B44F19C00AFA118 /* gitTests.m */,
				91B3B1DA1B44F19C00AFA118 /* Supporting Files */,
			);
			path = gitTests;
			sourceTree = "<group>";
		};
		91B3B1DA1B44F19C00AFA118 /* Supporting Files */ = {
			isa = PBXGroup;
			children = (
				91B3B1DB1B44F19C00AFA118 /* Info.plist */,
			);
			name = "Supporting Files";
			sourceTree = "<group>";
		};
/* End PBXGroup section */

/* Begin PBXNativeTarget section */
		91B3B1BC1B44F19C00AFA118 /* git */ = {
			isa = PBXNativeTarget;
			buildConfigurationList = 91B3B1E01B44F19C00AFA118 /* Build configuration list for PBXNativeTarget "git" */;
			buildPhases = (
				91B3B1B91B44F19C00AFA118 /* Sources */,
				91B3B1BA1B44F19C00AFA118 /* Frameworks */,
				91B3B1BB1B44F19C00AFA118 /* Resources */,
			);
			buildRules = (
			);
			dependencies = (
			);
			name = git;
			productName = git;
			productReference = 91B3B1BD1B44F19C00AFA118 /* git.app */;
			productType = "com.apple.product-type.application";
		};
		91B3B1D51B44F19C00AFA118 /* gitTests */ = {
			isa = PBXNativeTarget;
			buildConfigurationList = 91B3B1E31B44F19C00AFA118 /* Build configuration list for PBXNativeTarget "gitTests" */;
			buildPhases = (
				91B3B1D21B44F19C00AFA118 /* Sources */,
				91B3B1D31B44F19C00AFA118 /* Frameworks */,
				91B3B1D41B44F19C00AFA118 /* Resources */,
			);
			buildRules = (
			);
			dependencies = (
				91B3B1D81B44F19C00AFA118 /* PBXTargetDependency */,
			);
			name = gitTests;
			productName = gitTests;
			productReference = 91B3B1D61B44F19C00AFA118 /* gitTests.xctest */;
			productType = "com.apple.product-type.bundle.unit-test";
		};
/* End PBXNativeTarget section */

/* Begin PBXProject section */
		91B3B1B51B44F19C00AFA118 /* Project object */ = {
			isa = PBXProject;
			attributes = {
				LastUpgradeCheck = 0630;
				ORGANIZATIONNAME = Jinritemai;
				TargetAttributes = {
					91B3B1BC1B44F19C00AFA118 = {
						CreatedOnToolsVersion = 6.3.2;
					};
					91B3B1D51B44F19C00AFA118 = {
						CreatedOnToolsVersion = 6.3.2;
						TestTargetID = 91B3B1BC1B44F19C00AFA118;
					};
				};
			};
			buildConfigurationList = 91B3B1B81B44F19C00AFA118 /* Build configuration list for PBXProject "git" */;
			compatibilityVersion = "Xcode 3.2";
			developmentRegion = English;
			hasScannedForEncodings = 0;
			knownRegions = (
				en,
				Base,
			);
			mainGroup = 91B3B1B41B44F19C00AFA118;
			productRefGroup = 91B3B1BE1B44F19C00AFA118 /* Products */;
			projectDirPath = "";
			projectRoot = "";
			targets = (
				91B3B1BC1B44F19C00AFA118 /* git */,
				91B3B1D51B44F19C00AFA118 /* gitTests */,
			);
		};
/* End PBXProject section */

/* Begin PBXResourcesBuildPhase section */
		91B3B1BB1B44F19C00AFA118 /* Resources */ = {
			isa = PBXResourcesBuildPhase;
			buildActionMask = 2147483647;
			files = (
				91B3B1CC1B44F19C00AFA118 /* Main.storyboard in Resources */,
				91B3B1D11B44F19C00AFA118 /* LaunchScreen.xib in Resources */,
				91B3B1CE1B44F19C00AFA118 /* Images.xcassets in Resources */,
			);
			runOnlyForDeploymentPostprocessing = 0;
		};
		91B3B1D41B44F19C00AFA118 /* Resources */ = {
			isa = PBXResourcesBuildPhase;
			buildActionMask = 2147483647;
			files = (
			);
			runOnlyForDeploymentPostprocessing = 0;
		};
/* End PBXResourcesBuildPhase section */

/* Begin PBXSourcesBuildPhase section */
		91B3B1B91B44F19C00AFA118 /* Sources */ = {
			isa = PBXSourcesBuildPhase;
			buildActionMask = 2147483647;
			files = (
				91B3B1C91B44F19C00AFA118 /* ViewController.m in Sources */,
				91B3B1C61B44F19C00AFA118 /* AppDelegate.m in Sources */,
				91CB7DD91B45103300BC98AC /* TMTableViewController.m in Sources */,
				91B3B1C31B44F19C00AFA118 /* main.m in Sources */,
			);
			runOnlyForDeploymentPostprocessing = 0;
		};
		91B3B1D21B44F19C00AFA118 /* Sources */ = {
			isa = PBXSourcesBuildPhase;
			buildActionMask = 2147483647;
			files = (
				91B3B1DD1B44F19C00AFA118 /* gitTests.m in Sources */,
			);
			runOnlyForDeploymentPostprocessing = 0;
		};
/* End PBXSourcesBuildPhase section */

/* Begin PBXTargetDependency section */
		91B3B1D81B44F19C00AFA118 /* PBXTargetDependency */ = {
			isa = PBXTargetDependency;
			target = 91B3B1BC1B44F19C00AFA118 /* git */;
			targetProxy = 91B3B1D71B44F19C00AFA118 /* PBXContainerItemProxy */;
		};
/* End PBXTargetDependency section */

/* Begin PBXVariantGroup section */
		91B3B1CA1B44F19C00AFA118 /* Main.storyboard */ = {
			isa = PBXVariantGroup;
			children = (
				91B3B1CB1B44F19C00AFA118 /* Base */,
			);
			name = Main.storyboard;
			sourceTree = "<group>";
		};
		91B3B1CF1B44F19C00AFA118 /* LaunchScreen.xib */ = {
			isa = PBXVariantGroup;
			children = (
				91B3B1D01B44F19C00AFA118 /* Base */,
			);
			name = LaunchScreen.xib;
			sourceTree = "<group>";
		};
/* End PBXVariantGroup section */

/* Begin XCBuildConfiguration section */
		91B3B1DE1B44F19C00AFA118 /* Debug */ = {
			isa = XCBuildConfiguration;
			buildSettings = {
				ALWAYS_SEARCH_USER_PATHS = NO;
				CLANG_CXX_LANGUAGE_STANDARD = "gnu++0x";
				CLANG_CXX_LIBRARY = "libc++";
				CLANG_ENABLE_MODULES = YES;
				CLANG_ENABLE_OBJC_ARC = YES;
				CLANG_WARN_BOOL_CONVERSION = YES;
				CLANG_WARN_CONSTANT_CONVERSION = YES;
				CLANG_WARN_DIRECT_OBJC_ISA_USAGE = YES_ERROR;
				CLANG_WARN_EMPTY_BODY = YES;
				CLANG_WARN_ENUM_CONVERSION = YES;
				CLANG_WARN_INT_CONVERSION = YES;
				CLANG_WARN_OBJC_ROOT_CLASS = YES_ERROR;
				CLANG_WARN_UNREACHABLE_CODE = YES;
				CLANG_WARN__DUPLICATE_METHOD_MATCH = YES;
				"CODE_SIGN_IDENTITY[sdk=iphoneos*]" = "iPhone Developer";
				COPY_PHASE_STRIP = NO;
				DEBUG_INFORMATION_FORMAT = "dwarf-with-dsym";
				ENABLE_STRICT_OBJC_MSGSEND = YES;
				GCC_C_LANGUAGE_STANDARD = gnu99;
				GCC_DYNAMIC_NO_PIC = NO;
				GCC_NO_COMMON_BLOCKS = YES;
				GCC_OPTIMIZATION_LEVEL = 0;
				GCC_PREPROCESSOR_DEFINITIONS = (
					"DEBUG=1",
					"$(inherited)",
				);
				GCC_SYMBOLS_PRIVATE_EXTERN = NO;
				GCC_WARN_64_TO_32_BIT_CONVERSION = YES;
				GCC_WARN_ABOUT_RETURN_TYPE = YES_ERROR;
				GCC_WARN_UNDECLARED_SELECTOR = YES;
				GCC_WARN_UNINITIALIZED_AUTOS = YES_AGGRESSIVE;
				GCC_WARN_UNUSED_FUNCTION = YES;
				GCC_WARN_UNUSED_VARIABLE = YES;
				IPHONEOS_DEPLOYMENT_TARGET = 8.3;
				MTL_ENABLE_DEBUG_INFO = YES;
				ONLY_ACTIVE_ARCH = YES;
				SDKROOT = iphoneos;
				TARGETED_DEVICE_FAMILY = "1,2";
			};
			name = Debug;
		};
		91B3B1DF1B44F19C00AFA118 /* Release */ = {
			isa = XCBuildConfiguration;
			buildSettings = {
				ALWAYS_SEARCH_USER_PATHS = NO;
				CLANG_CXX_LANGUAGE_STANDARD = "gnu++0x";
				CLANG_CXX_LIBRARY = "libc++";
				CLANG_ENABLE_MODULES = YES;
				CLANG_ENABLE_OBJC_ARC = YES;
				CLANG_WARN_BOOL_CONVERSION = YES;
				CLANG_WARN_CONSTANT_CONVERSION = YES;
				CLANG_WARN_DIRECT_OBJC_ISA_USAGE = YES_ERROR;
				CLANG_WARN_EMPTY_BODY = YES;
				CLANG_WARN_ENUM_CONVERSION = YES;
				CLANG_WARN_INT_CONVERSION = YES;
				CLANG_WARN_OBJC_ROOT_CLASS = YES_ERROR;
				CLANG_WARN_UNREACHABLE_CODE = YES;
				CLANG_WARN__DUPLICATE_METHOD_MATCH = YES;
				"CODE_SIGN_IDENTITY[sdk=iphoneos*]" = "iPhone Developer";
				COPY_PHASE_STRIP = NO;
				DEBUG_INFORMATION_FORMAT = "dwarf-with-dsym";
				ENABLE_NS_ASSERTIONS = NO;
				ENABLE_STRICT_OBJC_MSGSEND = YES;
				GCC_C_LANGUAGE_STANDARD = gnu99;
				GCC_NO_COMMON_BLOCKS = YES;
				GCC_WARN_64_TO_32_BIT_CONVERSION = YES;
				GCC_WARN_ABOUT_RETURN_TYPE = YES_ERROR;
				GCC_WARN_UNDECLARED_SELECTOR = YES;
				GCC_WARN_UNINITIALIZED_AUTOS = YES_AGGRESSIVE;
				GCC_WARN_UNUSED_FUNCTION = YES;
				GCC_WARN_UNUSED_VARIABLE = YES;
				IPHONEOS_DEPLOYMENT_TARGET = 8.3;
				MTL_ENABLE_DEBUG_INFO = NO;
				SDKROOT = iphoneos;
				TARGETED_DEVICE_FAMILY = "1,2";
				VALIDATE_PRODUCT = YES;
			};
			name = Release;
		};
		91B3B1E11B44F19C00AFA118 /* Debug */ = {
			isa = XCBuildConfiguration;
			buildSettings = {
				ASSETCATALOG_COMPILER_APPICON_NAME = AppIcon;
				INFOPLIST_FILE = git/Info.plist;
				LD_RUNPATH_SEARCH_PATHS = "$(inherited) @executable_path/Frameworks";
				PRODUCT_NAME = "$(TARGET_NAME)";
			};
			name = Debug;
		};
		91B3B1E21B44F19C00AFA118 /* Release */ = {
			isa = XCBuildConfiguration;
			buildSettings = {
				ASSETCATALOG_COMPILER_APPICON_NAME = AppIcon;
				INFOPLIST_FILE = git/Info.plist;
				LD_RUNPATH_SEARCH_PATHS = "$(inherited) @executable_path/Frameworks";
				PRODUCT_NAME = "$(TARGET_NAME)";
			};
			name = Release;
		};
		91B3B1E41B44F19C00AFA118 /* Debug */ = {
			isa = XCBuildConfiguration;
			buildSettings = {
				BUNDLE_LOADER = "$(TEST_HOST)";
				FRAMEWORK_SEARCH_PATHS = (
					"$(SDKROOT)/Developer/Library/Frameworks",
					"$(inherited)",
				);
				GCC_PREPROCESSOR_DEFINITIONS = (
					"DEBUG=1",
					"$(inherited)",
				);
				INFOPLIST_FILE = gitTests/Info.plist;
				LD_RUNPATH_SEARCH_PATHS = "$(inherited) @executable_path/Frameworks @loader_path/Frameworks";
				PRODUCT_NAME = "$(TARGET_NAME)";
				TEST_HOST = "$(BUILT_PRODUCTS_DIR)/git.app/git";
			};
			name = Debug;
		};
		91B3B1E51B44F19C00AFA118 /* Release */ = {
			isa = XCBuildConfiguration;
			buildSettings = {
				BUNDLE_LOADER = "$(TEST_HOST)";
				FRAMEWORK_SEARCH_PATHS = (
					"$(SDKROOT)/Developer/Library/Frameworks",
					"$(inherited)",
				);
				INFOPLIST_FILE = gitTests/Info.plist;
				LD_RUNPATH_SEARCH_PATHS = "$(inherited) @executable_path/Frameworks @loader_path/Frameworks";
				PRODUCT_NAME = "$(TARGET_NAME)";
				TEST_HOST = "$(BUILT_PRODUCTS_DIR)/git.app/git";
			};
			name = Release;
		};
/* End XCBuildConfiguration section */

/* Begin XCConfigurationList section */
		91B3B1B81B44F19C00AFA118 /* Build configuration list for PBXProject "git" */ = {
			isa = XCConfigurationList;
			buildConfigurations = (
				91B3B1DE1B44F19C00AFA118 /* Debug */,
				91B3B1DF1B44F19C00AFA118 /* Release */,
			);
			defaultConfigurationIsVisible = 0;
			defaultConfigurationName = Release;
		};
		91B3B1E01B44F19C00AFA118 /* Build configuration list for PBXNativeTarget "git" */ = {
			isa = XCConfigurationList;
			buildConfigurations = (
				91B3B1E11B44F19C00AFA118 /* Debug */,
				91B3B1E21B44F19C00AFA118 /* Release */,
			);
			defaultConfigurationIsVisible = 0;
			defaultConfigurationName = Release;
		};
		91B3B1E31B44F19C00AFA118 /* Build configuration list for PBXNativeTarget "gitTests" */ = {
			isa = XCConfigurationList;
			buildConfigurations = (
				91B3B1E41B44F19C00AFA118 /* Debug */,
				91B3B1E51B44F19C00AFA118 /* Release */,
			);
			defaultConfigurationIsVisible = 0;
			defaultConfigurationName = Release;
		};
/* End XCConfigurationList section */
	};
	rootObject = 91B3B1B51B44F19C00AFA118 /* Project object */;
}
